{
  "name": "rawls-angular",
  "lockfileVersion": 2,
  "requires": true,
  "packages": {
    "": {
      "dependencies": {
        "@types/node": "^15.12.0"
      },
      "devDependencies": {
        "git-describe": "^4.0.4"
      }
    },
    "node_modules/@types/node": {
      "version": "15.12.0",
      "resolved": "https://registry.npmjs.org/@types/node/-/node-15.12.0.tgz",
      "integrity": "sha512-+aHJvoCsVhO2ZCuT4o5JtcPrCPyDE3+1nvbDprYes+pPkEsbjH7AGUCNtjMOXS0fqH14t+B7yLzaqSz92FPWyw=="
    },
    "node_modules/git-describe": {
      "version": "4.0.4",
      "resolved": "https://registry.npmjs.org/git-describe/-/git-describe-4.0.4.tgz",
      "integrity": "sha512-L1X9OO1e4MusB4PzG9LXeXCQifRvyuoHTpuuZ521Qyxn/B0kWHWEOtsT4LsSfSNacZz0h4ZdYDsDG7f+SrA3hg==",
      "dev": true,
      "dependencies": {
        "lodash": "^4.17.11"
      },
      "engines": {
        "node": ">=4.0.0"
      },
      "optionalDependencies": {
        "semver": "^5.6.0"
      }
    },
    "node_modules/lodash": {
      "version": "4.17.21",
      "resolved": "https://registry.npmjs.org/lodash/-/lodash-4.17.21.tgz",
      "integrity": "sha512-v2kDEe57lecTulaDIuNTPy3Ry4gLGJ6Z1O3vE1krgXZNrsQ+LFTGHVxVjcXPs17LhbZVGedAJv8XZ1tvj5FvSg==",
      "dev": true
    },
    "node_modules/semver": {
      "version": "5.7.1",
      "resolved": "https://registry.npmjs.org/semver/-/semver-5.7.1.tgz",
      "integrity": "sha512-sauaDf/PZdVgrLTNYHRtpXa1iRiKcaebiKQ1BJdpQlWH2lCvexQdX55snPFyK7QzpudqbCI0qXFfOasHdyNDGQ==",
      "dev": true,
      "optional": true,
      "bin": {
        "semver": "bin/semver"
      }
    }
  },
  "dependencies": {
    "@types/node": {
      "version": "15.12.0",
      "resolved": "https://registry.npmjs.org/@types/node/-/node-15.12.0.tgz",
      "integrity": "sha512-+aHJvoCsVhO2ZCuT4o5JtcPrCPyDE3+1nvbDprYes+pPkEsbjH7AGUCNtjMOXS0fqH14t+B7yLzaqSz92FPWyw=="
    },
    "git-describe": {
      "version": "4.0.4",
      "resolved": "https://registry.npmjs.org/git-describe/-/git-describe-4.0.4.tgz",
      "integrity": "sha512-L1X9OO1e4MusB4PzG9LXeXCQifRvyuoHTpuuZ521Qyxn/B0kWHWEOtsT4LsSfSNacZz0h4ZdYDsDG7f+SrA3hg==",
      "dev": true,
      "requires": {
        "lodash": "^4.17.11",
        "semver": "^5.6.0"
      }
    },
    "lodash": {
      "version": "4.17.21",
      "resolved": "https://registry.npmjs.org/lodash/-/lodash-4.17.21.tgz",
      "integrity": "sha512-v2kDEe57lecTulaDIuNTPy3Ry4gLGJ6Z1O3vE1krgXZNrsQ+LFTGHVxVjcXPs17LhbZVGedAJv8XZ1tvj5FvSg==",
      "dev": true
    },
    "semver": {
      "version": "5.7.1",
      "resolved": "https://registry.npmjs.org/semver/-/semver-5.7.1.tgz",
      "integrity": "sha512-sauaDf/PZdVgrLTNYHRtpXa1iRiKcaebiKQ1BJdpQlWH2lCvexQdX55snPFyK7QzpudqbCI0qXFfOasHdyNDGQ==",
      "dev": true,
      "optional": true
    }
  }
}
